// !$*UTF8*$!
{
	archiveVersion = 1;
	classes = {
	};
	objectVersion = 46;
	objects = {

/* Begin PBXBuildFile section */
		076BEE5F167EC67300ACF08A /* PVMapOptionsViewController.m in Sources */ = {isa = PBXBuildFile; fileRef = 076BEE5E167EC67200ACF08A /* PVMapOptionsViewController.m */; };
		07866AB3165EE2B400D7BB3A /* UIKit.framework in Frameworks */ = {isa = PBXBuildFile; fileRef = 07866AB2165EE2B400D7BB3A /* UIKit.framework */; };
		07866AB5165EE2B400D7BB3A /* Foundation.framework in Frameworks */ = {isa = PBXBuildFile; fileRef = 07866AB4165EE2B400D7BB3A /* Foundation.framework */; };
		07866AB7165EE2B400D7BB3A /* CoreGraphics.framework in Frameworks */ = {isa = PBXBuildFile; fileRef = 07866AB6165EE2B400D7BB3A /* CoreGraphics.framework */; };
		07866ABD165EE2B400D7BB3A /* InfoPlist.strings in Resources */ = {isa = PBXBuildFile; fileRef = 07866ABB165EE2B400D7BB3A /* InfoPlist.strings */; };
		07866ABF165EE2B400D7BB3A /* main.m in Sources */ = {isa = PBXBuildFile; fileRef = 07866ABE165EE2B400D7BB3A /* main.m */; };
		07866AC3165EE2B400D7BB3A /* PVAppDelegate.m in Sources */ = {isa = PBXBuildFile; fileRef = 07866AC2165EE2B400D7BB3A /* PVAppDelegate.m */; };
		07866AC5165EE2B400D7BB3A /* Default.png in Resources */ = {isa = PBXBuildFile; fileRef = 07866AC4165EE2B400D7BB3A /* Default.png */; };
		07866AC7165EE2B400D7BB3A /* Default@2x.png in Resources */ = {isa = PBXBuildFile; fileRef = 07866AC6165EE2B400D7BB3A /* Default@2x.png */; };
		07866AC9165EE2B400D7BB3A /* Default-568h@2x.png in Resources */ = {isa = PBXBuildFile; fileRef = 07866AC8165EE2B400D7BB3A /* Default-568h@2x.png */; };
		07866ACC165EE2B400D7BB3A /* MainStoryboard_iPhone.storyboard in Resources */ = {isa = PBXBuildFile; fileRef = 07866ACA165EE2B400D7BB3A /* MainStoryboard_iPhone.storyboard */; };
		07866ACF165EE2B400D7BB3A /* MainStoryboard_iPad.storyboard in Resources */ = {isa = PBXBuildFile; fileRef = 07866ACD165EE2B400D7BB3A /* MainStoryboard_iPad.storyboard */; };
		07866ADA165EE2B400D7BB3A /* SenTestingKit.framework in Frameworks */ = {isa = PBXBuildFile; fileRef = 07866AD9165EE2B400D7BB3A /* SenTestingKit.framework */; };
		07866ADB165EE2B400D7BB3A /* UIKit.framework in Frameworks */ = {isa = PBXBuildFile; fileRef = 07866AB2165EE2B400D7BB3A /* UIKit.framework */; };
		07866ADC165EE2B400D7BB3A /* Foundation.framework in Frameworks */ = {isa = PBXBuildFile; fileRef = 07866AB4165EE2B400D7BB3A /* Foundation.framework */; };
		07866AE4165EE2B400D7BB3A /* InfoPlist.strings in Resources */ = {isa = PBXBuildFile; fileRef = 07866AE2165EE2B400D7BB3A /* InfoPlist.strings */; };
		07866AE7165EE2B400D7BB3A /* Park_ViewTests.m in Sources */ = {isa = PBXBuildFile; fileRef = 07866AE6165EE2B400D7BB3A /* Park_ViewTests.m */; };
		07A2E1DF167988AA00355A96 /* CoreLocation.framework in Frameworks */ = {isa = PBXBuildFile; fileRef = 07A2E1DE167988AA00355A96 /* CoreLocation.framework */; };
		07A98C031663F4E400D49A7A /* PVParkMapViewController.m in Sources */ = {isa = PBXBuildFile; fileRef = 07A98C021663F4E400D49A7A /* PVParkMapViewController.m */; };
/* End PBXBuildFile section */

/* Begin PBXContainerItemProxy section */
		07866ADD165EE2B400D7BB3A /* PBXContainerItemProxy */ = {
			isa = PBXContainerItemProxy;
			containerPortal = 07866AA5165EE2B400D7BB3A /* Project object */;
			proxyType = 1;
			remoteGlobalIDString = 07866AAD165EE2B400D7BB3A;
			remoteInfo = "Park View";
		};
/* End PBXContainerItemProxy section */

/* Begin PBXFileReference section */
		076BEE5D167EC67100ACF08A /* PVMapOptionsViewController.h */ = {isa = PBXFileReference; fileEncoding = 4; lastKnownFileType = sourcecode.c.h; path = PVMapOptionsViewController.h; sourceTree = "<group>"; };
		076BEE5E167EC67200ACF08A /* PVMapOptionsViewController.m */ = {isa = PBXFileReference; fileEncoding = 4; lastKnownFileType = sourcecode.c.objc; path = PVMapOptionsViewController.m; sourceTree = "<group>"; };
		07866AAE165EE2B400D7BB3A /* Park View.app */ = {isa = PBXFileReference; explicitFileType = wrapper.application; includeInIndex = 0; path = "Park View.app"; sourceTree = BUILT_PRODUCTS_DIR; };
		07866AB2165EE2B400D7BB3A /* UIKit.framework */ = {isa = PBXFileReference; lastKnownFileType = wrapper.framework; name = UIKit.framework; path = System/Library/Frameworks/UIKit.framework; sourceTree = SDKROOT; };
		07866AB4165EE2B400D7BB3A /* Foundation.framework */ = {isa = PBXFileReference; lastKnownFileType = wrapper.framework; name = Foundation.framework; path = System/Library/Frameworks/Foundation.framework; sourceTree = SDKROOT; };
		07866AB6165EE2B400D7BB3A /* CoreGraphics.framework */ = {isa = PBXFileReference; lastKnownFileType = wrapper.framework; name = CoreGraphics.framework; path = System/Library/Frameworks/CoreGraphics.framework; sourceTree = SDKROOT; };
		07866ABA165EE2B400D7BB3A /* Park View-Info.plist */ = {isa = PBXFileReference; lastKnownFileType = text.plist.xml; path = "Park View-Info.plist"; sourceTree = "<group>"; };
		07866ABC165EE2B400D7BB3A /* en */ = {isa = PBXFileReference; lastKnownFileType = text.plist.strings; name = en; path = en.lproj/InfoPlist.strings; sourceTree = "<group>"; };
		07866ABE165EE2B400D7BB3A /* main.m */ = {isa = PBXFileReference; lastKnownFileType = sourcecode.c.objc; path = main.m; sourceTree = "<group>"; };
		07866AC0165EE2B400D7BB3A /* Park View-Prefix.pch */ = {isa = PBXFileReference; lastKnownFileType = sourcecode.c.h; path = "Park View-Prefix.pch"; sourceTree = "<group>"; };
		07866AC1165EE2B400D7BB3A /* PVAppDelegate.h */ = {isa = PBXFileReference; lastKnownFileType = sourcecode.c.h; path = PVAppDelegate.h; sourceTree = "<group>"; };
		07866AC2165EE2B400D7BB3A /* PVAppDelegate.m */ = {isa = PBXFileReference; lastKnownFileType = sourcecode.c.objc; path = PVAppDelegate.m; sourceTree = "<group>"; };
		07866AC4165EE2B400D7BB3A /* Default.png */ = {isa = PBXFileReference; lastKnownFileType = image.png; path = Default.png; sourceTree = "<group>"; };
		07866AC6165EE2B400D7BB3A /* Default@2x.png */ = {isa = PBXFileReference; lastKnownFileType = image.png; path = "Default@2x.png"; sourceTree = "<group>"; };
		07866AC8165EE2B400D7BB3A /* Default-568h@2x.png */ = {isa = PBXFileReference; lastKnownFileType = image.png; path = "Default-568h@2x.png"; sourceTree = "<group>"; };
		07866ACB165EE2B400D7BB3A /* en */ = {isa = PBXFileReference; lastKnownFileType = file.storyboard; name = en; path = en.lproj/MainStoryboard_iPhone.storyboard; sourceTree = "<group>"; };
		07866ACE165EE2B400D7BB3A /* en */ = {isa = PBXFileReference; lastKnownFileType = file.storyboard; name = en; path = en.lproj/MainStoryboard_iPad.storyboard; sourceTree = "<group>"; };
		07866AD8165EE2B400D7BB3A /* Park ViewTests.octest */ = {isa = PBXFileReference; explicitFileType = wrapper.cfbundle; includeInIndex = 0; path = "Park ViewTests.octest"; sourceTree = BUILT_PRODUCTS_DIR; };
		07866AD9165EE2B400D7BB3A /* SenTestingKit.framework */ = {isa = PBXFileReference; lastKnownFileType = wrapper.framework; name = SenTestingKit.framework; path = Library/Frameworks/SenTestingKit.framework; sourceTree = DEVELOPER_DIR; };
		07866AE1165EE2B400D7BB3A /* Park ViewTests-Info.plist */ = {isa = PBXFileReference; lastKnownFileType = text.plist.xml; path = "Park ViewTests-Info.plist"; sourceTree = "<group>"; };
		07866AE3165EE2B400D7BB3A /* en */ = {isa = PBXFileReference; lastKnownFileType = text.plist.strings; name = en; path = en.lproj/InfoPlist.strings; sourceTree = "<group>"; };
		07866AE5165EE2B400D7BB3A /* Park_ViewTests.h */ = {isa = PBXFileReference; lastKnownFileType = sourcecode.c.h; path = Park_ViewTests.h; sourceTree = "<group>"; };
		07866AE6165EE2B400D7BB3A /* Park_ViewTests.m */ = {isa = PBXFileReference; lastKnownFileType = sourcecode.c.objc; path = Park_ViewTests.m; sourceTree = "<group>"; };
		07A2E1DE167988AA00355A96 /* CoreLocation.framework */ = {isa = PBXFileReference; lastKnownFileType = wrapper.framework; name = CoreLocation.framework; path = System/Library/Frameworks/CoreLocation.framework; sourceTree = SDKROOT; };
		07A98C011663F4E400D49A7A /* PVParkMapViewController.h */ = {isa = PBXFileReference; fileEncoding = 4; lastKnownFileType = sourcecode.c.h; path = PVParkMapViewController.h; sourceTree = "<group>"; };
		07A98C021663F4E400D49A7A /* PVParkMapViewController.m */ = {isa = PBXFileReference; fileEncoding = 4; lastKnownFileType = sourcecode.c.objc; path = PVParkMapViewController.m; sourceTree = "<group>"; };
/* End PBXFileReference section */

/* Begin PBXFrameworksBuildPhase section */
		07866AAB165EE2B400D7BB3A /* Frameworks */ = {
			isa = PBXFrameworksBuildPhase;
			buildActionMask = 2147483647;
			files = (
				07A2E1DF167988AA00355A96 /* CoreLocation.framework in Frameworks */,
				07866AB3165EE2B400D7BB3A /* UIKit.framework in Frameworks */,
				07866AB5165EE2B400D7BB3A /* Foundation.framework in Frameworks */,
				07866AB7165EE2B400D7BB3A /* CoreGraphics.framework in Frameworks */,
			);
			runOnlyForDeploymentPostprocessing = 0;
		};
		07866AD4165EE2B400D7BB3A /* Frameworks */ = {
			isa = PBXFrameworksBuildPhase;
			buildActionMask = 2147483647;
			files = (
				07866ADA165EE2B400D7BB3A /* SenTestingKit.framework in Frameworks */,
				07866ADB165EE2B400D7BB3A /* UIKit.framework in Frameworks */,
				07866ADC165EE2B400D7BB3A /* Foundation.framework in Frameworks */,
			);
			runOnlyForDeploymentPostprocessing = 0;
		};
/* End PBXFrameworksBuildPhase section */

/* Begin PBXGroup section */
		076BF08D1680457B00ACF08A /* Park Information */ = {
			isa = PBXGroup;
			children = (
			);
			name = "Park Information";
			sourceTree = "<group>";
		};
		076BF08F1680459100ACF08A /* Images */ = {
			isa = PBXGroup;
			children = (
			);
			name = Images;
			sourceTree = "<group>";
		};
		076BF0901680459E00ACF08A /* Models */ = {
			isa = PBXGroup;
			children = (
			);
			name = Models;
			sourceTree = "<group>";
		};
		076BF091168045BF00ACF08A /* Annotations */ = {
			isa = PBXGroup;
			children = (
			);
			name = Annotations;
			sourceTree = "<group>";
		};
		076BF092168045C900ACF08A /* Overlays */ = {
			isa = PBXGroup;
			children = (
			);
			name = Overlays;
			sourceTree = "<group>";
		};
		076BF093168045DE00ACF08A /* Storyboards */ = {
			isa = PBXGroup;
			children = (
				07866ACA165EE2B400D7BB3A /* MainStoryboard_iPhone.storyboard */,
				07866ACD165EE2B400D7BB3A /* MainStoryboard_iPad.storyboard */,
			);
			name = Storyboards;
			sourceTree = "<group>";
		};
		07866AA3165EE2B400D7BB3A = {
			isa = PBXGroup;
			children = (
				07866AB8165EE2B400D7BB3A /* Park View */,
				07866ADF165EE2B400D7BB3A /* Park ViewTests */,
				07866AB1165EE2B400D7BB3A /* Frameworks */,
				07866AAF165EE2B400D7BB3A /* Products */,
			);
			sourceTree = "<group>";
		};
		07866AAF165EE2B400D7BB3A /* Products */ = {
			isa = PBXGroup;
			children = (
				07866AAE165EE2B400D7BB3A /* Park View.app */,
				07866AD8165EE2B400D7BB3A /* Park ViewTests.octest */,
			);
			name = Products;
			sourceTree = "<group>";
		};
		07866AB1165EE2B400D7BB3A /* Frameworks */ = {
			isa = PBXGroup;
			children = (
				07A2E1DE167988AA00355A96 /* CoreLocation.framework */,
				07866AB2165EE2B400D7BB3A /* UIKit.framework */,
				07866AB4165EE2B400D7BB3A /* Foundation.framework */,
				07866AB6165EE2B400D7BB3A /* CoreGraphics.framework */,
				07866AD9165EE2B400D7BB3A /* SenTestingKit.framework */,
			);
			name = Frameworks;
			sourceTree = "<group>";
		};
		07866AB8165EE2B400D7BB3A /* Park View */ = {
			isa = PBXGroup;
			children = (
				076BF08F1680459100ACF08A /* Images */,
				076BF08D1680457B00ACF08A /* Park Information */,
				076BF0901680459E00ACF08A /* Models */,
				076BF092168045C900ACF08A /* Overlays */,
				076BF091168045BF00ACF08A /* Annotations */,
				076BF093168045DE00ACF08A /* Storyboards */,
				07A98C011663F4E400D49A7A /* PVParkMapViewController.h */,
				07A98C021663F4E400D49A7A /* PVParkMapViewController.m */,
				076BEE5D167EC67100ACF08A /* PVMapOptionsViewController.h */,
				076BEE5E167EC67200ACF08A /* PVMapOptionsViewController.m */,
				07866AC1165EE2B400D7BB3A /* PVAppDelegate.h */,
				07866AC2165EE2B400D7BB3A /* PVAppDelegate.m */,
				07866AB9165EE2B400D7BB3A /* Supporting Files */,
			);
			path = "Park View";
			sourceTree = "<group>";
		};
		07866AB9165EE2B400D7BB3A /* Supporting Files */ = {
			isa = PBXGroup;
			children = (
				07866ABA165EE2B400D7BB3A /* Park View-Info.plist */,
				07866ABB165EE2B400D7BB3A /* InfoPlist.strings */,
				07866ABE165EE2B400D7BB3A /* main.m */,
				07866AC0165EE2B400D7BB3A /* Park View-Prefix.pch */,
				07866AC4165EE2B400D7BB3A /* Default.png */,
				07866AC6165EE2B400D7BB3A /* Default@2x.png */,
				07866AC8165EE2B400D7BB3A /* Default-568h@2x.png */,
			);
			name = "Supporting Files";
			sourceTree = "<group>";
		};
		07866ADF165EE2B400D7BB3A /* Park ViewTests */ = {
			isa = PBXGroup;
			children = (
				07866AE5165EE2B400D7BB3A /* Park_ViewTests.h */,
				07866AE6165EE2B400D7BB3A /* Park_ViewTests.m */,
				07866AE0165EE2B400D7BB3A /* Supporting Files */,
			);
			path = "Park ViewTests";
			sourceTree = "<group>";
		};
		07866AE0165EE2B400D7BB3A /* Supporting Files */ = {
			isa = PBXGroup;
			children = (
				07866AE1165EE2B400D7BB3A /* Park ViewTests-Info.plist */,
				07866AE2165EE2B400D7BB3A /* InfoPlist.strings */,
			);
			name = "Supporting Files";
			sourceTree = "<group>";
		};
/* End PBXGroup section */

/* Begin PBXNativeTarget section */
		07866AAD165EE2B400D7BB3A /* Park View */ = {
			isa = PBXNativeTarget;
			buildConfigurationList = 07866AEA165EE2B400D7BB3A /* Build configuration list for PBXNativeTarget "Park View" */;
			buildPhases = (
				07866AAA165EE2B400D7BB3A /* Sources */,
				07866AAB165EE2B400D7BB3A /* Frameworks */,
				07866AAC165EE2B400D7BB3A /* Resources */,
			);
			buildRules = (
			);
			dependencies = (
			);
			name = "Park View";
			productName = "Park View";
			productReference = 07866AAE165EE2B400D7BB3A /* Park View.app */;
			productType = "com.apple.product-type.application";
		};
		07866AD7165EE2B400D7BB3A /* Park ViewTests */ = {
			isa = PBXNativeTarget;
			buildConfigurationList = 07866AED165EE2B400D7BB3A /* Build configuration list for PBXNativeTarget "Park ViewTests" */;
			buildPhases = (
				07866AD3165EE2B400D7BB3A /* Sources */,
				07866AD4165EE2B400D7BB3A /* Frameworks */,
				07866AD5165EE2B400D7BB3A /* Resources */,
				07866AD6165EE2B400D7BB3A /* ShellScript */,
			);
			buildRules = (
			);
			dependencies = (
				07866ADE165EE2B400D7BB3A /* PBXTargetDependency */,
			);
			name = "Park ViewTests";
			productName = "Park ViewTests";
			productReference = 07866AD8165EE2B400D7BB3A /* Park ViewTests.octest */;
			productType = "com.apple.product-type.bundle";
		};
/* End PBXNativeTarget section */

/* Begin PBXProject section */
		07866AA5165EE2B400D7BB3A /* Project object */ = {
			isa = PBXProject;
			attributes = {
				CLASSPREFIX = PV;
				LastUpgradeCheck = 0450;
				ORGANIZATIONNAME = "Chris Wagner";
			};
			buildConfigurationList = 07866AA8165EE2B400D7BB3A /* Build configuration list for PBXProject "Park View" */;
			compatibilityVersion = "Xcode 3.2";
			developmentRegion = English;
			hasScannedForEncodings = 0;
			knownRegions = (
				en,
			);
			mainGroup = 07866AA3165EE2B400D7BB3A;
			productRefGroup = 07866AAF165EE2B400D7BB3A /* Products */;
			projectDirPath = "";
			projectRoot = "";
			targets = (
				07866AAD165EE2B400D7BB3A /* Park View */,
				07866AD7165EE2B400D7BB3A /* Park ViewTests */,
			);
		};
/* End PBXProject section */

/* Begin PBXResourcesBuildPhase section */
		07866AAC165EE2B400D7BB3A /* Resources */ = {
			isa = PBXResourcesBuildPhase;
			buildActionMask = 2147483647;
			files = (
				07866ABD165EE2B400D7BB3A /* InfoPlist.strings in Resources */,
				07866AC5165EE2B400D7BB3A /* Default.png in Resources */,
				07866AC7165EE2B400D7BB3A /* Default@2x.png in Resources */,
				07866AC9165EE2B400D7BB3A /* Default-568h@2x.png in Resources */,
				07866ACC165EE2B400D7BB3A /* MainStoryboard_iPhone.storyboard in Resources */,
				07866ACF165EE2B400D7BB3A /* MainStoryboard_iPad.storyboard in Resources */,
			);
			runOnlyForDeploymentPostprocessing = 0;
		};
		07866AD5165EE2B400D7BB3A /* Resources */ = {
			isa = PBXResourcesBuildPhase;
			buildActionMask = 2147483647;
			files = (
				07866AE4165EE2B400D7BB3A /* InfoPlist.strings in Resources */,
			);
			runOnlyForDeploymentPostprocessing = 0;
		};
/* End PBXResourcesBuildPhase section */

/* Begin PBXShellScriptBuildPhase section */
		07866AD6165EE2B400D7BB3A /* ShellScript */ = {
			isa = PBXShellScriptBuildPhase;
			buildActionMask = 2147483647;
			files = (
			);
			inputPaths = (
			);
			outputPaths = (
			);
			runOnlyForDeploymentPostprocessing = 0;
			shellPath = /bin/sh;
			shellScript = "# Run the unit tests in this test bundle.\n\"${SYSTEM_DEVELOPER_DIR}/Tools/RunUnitTests\"\n";
		};
/* End PBXShellScriptBuildPhase section */

/* Begin PBXSourcesBuildPhase section */
		07866AAA165EE2B400D7BB3A /* Sources */ = {
			isa = PBXSourcesBuildPhase;
			buildActionMask = 2147483647;
			files = (
				07866ABF165EE2B400D7BB3A /* main.m in Sources */,
				07866AC3165EE2B400D7BB3A /* PVAppDelegate.m in Sources */,
				07A98C031663F4E400D49A7A /* PVParkMapViewController.m in Sources */,
				076BEE5F167EC67300ACF08A /* PVMapOptionsViewController.m in Sources */,
			);
			runOnlyForDeploymentPostprocessing = 0;
		};
		07866AD3165EE2B400D7BB3A /* Sources */ = {
			isa = PBXSourcesBuildPhase;
			buildActionMask = 2147483647;
			files = (
				07866AE7165EE2B400D7BB3A /* Park_ViewTests.m in Sources */,
			);
			runOnlyForDeploymentPostprocessing = 0;
		};
/* End PBXSourcesBuildPhase section */

/* Begin PBXTargetDependency section */
		07866ADE165EE2B400D7BB3A /* PBXTargetDependency */ = {
			isa = PBXTargetDependency;
			target = 07866AAD165EE2B400D7BB3A /* Park View */;
			targetProxy = 07866ADD165EE2B400D7BB3A /* PBXContainerItemProxy */;
		};
/* End PBXTargetDependency section */

/* Begin PBXVariantGroup section */
		07866ABB165EE2B400D7BB3A /* InfoPlist.strings */ = {
			isa = PBXVariantGroup;
			children = (
				07866ABC165EE2B400D7BB3A /* en */,
			);
			name = InfoPlist.strings;
			sourceTree = "<group>";
		};
		07866ACA165EE2B400D7BB3A /* MainStoryboard_iPhone.storyboard */ = {
			isa = PBXVariantGroup;
			children = (
				07866ACB165EE2B400D7BB3A /* en */,
			);
			name = MainStoryboard_iPhone.storyboard;
			sourceTree = "<group>";
		};
		07866ACD165EE2B400D7BB3A /* MainStoryboard_iPad.storyboard */ = {
			isa = PBXVariantGroup;
			children = (
				07866ACE165EE2B400D7BB3A /* en */,
			);
			name = MainStoryboard_iPad.storyboard;
			sourceTree = "<group>";
		};
		07866AE2165EE2B400D7BB3A /* InfoPlist.strings */ = {
			isa = PBXVariantGroup;
			children = (
				07866AE3165EE2B400D7BB3A /* en */,
			);
			name = InfoPlist.strings;
			sourceTree = "<group>";
		};
/* End PBXVariantGroup section */

/* Begin XCBuildConfiguration section */
		07866AE8165EE2B400D7BB3A /* Debug */ = {
			isa = XCBuildConfiguration;
			buildSettings = {
				ALWAYS_SEARCH_USER_PATHS = NO;
				CLANG_CXX_LANGUAGE_STANDARD = "gnu++0x";
				CLANG_CXX_LIBRARY = "libc++";
				CLANG_ENABLE_OBJC_ARC = YES;
				CLANG_WARN_EMPTY_BODY = YES;
				CLANG_WARN__DUPLICATE_METHOD_MATCH = YES;
				"CODE_SIGN_IDENTITY[sdk=iphoneos*]" = "iPhone Developer";
				COPY_PHASE_STRIP = NO;
				GCC_C_LANGUAGE_STANDARD = gnu99;
				GCC_DYNAMIC_NO_PIC = NO;
				GCC_OPTIMIZATION_LEVEL = 0;
				GCC_PREPROCESSOR_DEFINITIONS = (
					"DEBUG=1",
					"$(inherited)",
				);
				GCC_SYMBOLS_PRIVATE_EXTERN = NO;
				GCC_WARN_ABOUT_RETURN_TYPE = YES;
				GCC_WARN_UNINITIALIZED_AUTOS = YES;
				GCC_WARN_UNUSED_VARIABLE = YES;
				IPHONEOS_DEPLOYMENT_TARGET = 6.0;
				ONLY_ACTIVE_ARCH = YES;
				SDKROOT = iphoneos;
				TARGETED_DEVICE_FAMILY = "1,2";
			};
			name = Debug;
		};
		07866AE9165EE2B400D7BB3A /* Release */ = {
			isa = XCBuildConfiguration;
			buildSettings = {
				ALWAYS_SEARCH_USER_PATHS = NO;
				CLANG_CXX_LANGUAGE_STANDARD = "gnu++0x";
				CLANG_CXX_LIBRARY = "libc++";
				CLANG_ENABLE_OBJC_ARC = YES;
				CLANG_WARN_EMPTY_BODY = YES;
				CLANG_WARN__DUPLICATE_METHOD_MATCH = YES;
				"CODE_SIGN_IDENTITY[sdk=iphoneos*]" = "iPhone Developer";
				COPY_PHASE_STRIP = YES;
				GCC_C_LANGUAGE_STANDARD = gnu99;
				GCC_WARN_ABOUT_RETURN_TYPE = YES;
				GCC_WARN_UNINITIALIZED_AUTOS = YES;
				GCC_WARN_UNUSED_VARIABLE = YES;
				IPHONEOS_DEPLOYMENT_TARGET = 6.0;
				OTHER_CFLAGS = "-DNS_BLOCK_ASSERTIONS=1";
				SDKROOT = iphoneos;
				TARGETED_DEVICE_FAMILY = "1,2";
				VALIDATE_PRODUCT = YES;
			};
			name = Release;
		};
		07866AEB165EE2B400D7BB3A /* Debug */ = {
			isa = XCBuildConfiguration;
			buildSettings = {
				GCC_PRECOMPILE_PREFIX_HEADER = YES;
				GCC_PREFIX_HEADER = "Park View/Park View-Prefix.pch";
				INFOPLIST_FILE = "Park View/Park View-Info.plist";
				PRODUCT_NAME = "$(TARGET_NAME)";
				WRAPPER_EXTENSION = app;
			};
			name = Debug;
		};
		07866AEC165EE2B400D7BB3A /* Release */ = {
			isa = XCBuildConfiguration;
			buildSettings = {
				GCC_PRECOMPILE_PREFIX_HEADER = YES;
				GCC_PREFIX_HEADER = "Park View/Park View-Prefix.pch";
				INFOPLIST_FILE = "Park View/Park View-Info.plist";
				PRODUCT_NAME = "$(TARGET_NAME)";
				WRAPPER_EXTENSION = app;
			};
			name = Release;
		};
		07866AEE165EE2B400D7BB3A /* Debug */ = {
			isa = XCBuildConfiguration;
			buildSettings = {
				BUNDLE_LOADER = "$(BUILT_PRODUCTS_DIR)/Park View.app/Park View";
				FRAMEWORK_SEARCH_PATHS = (
					"\"$(SDKROOT)/Developer/Library/Frameworks\"",
					"\"$(DEVELOPER_LIBRARY_DIR)/Frameworks\"",
				);
				GCC_PRECOMPILE_PREFIX_HEADER = YES;
				GCC_PREFIX_HEADER = "Park View/Park View-Prefix.pch";
				INFOPLIST_FILE = "Park ViewTests/Park ViewTests-Info.plist";
				PRODUCT_NAME = "$(TARGET_NAME)";
				TEST_HOST = "$(BUNDLE_LOADER)";
				WRAPPER_EXTENSION = octest;
			};
			name = Debug;
		};
		07866AEF165EE2B400D7BB3A /* Release */ = {
			isa = XCBuildConfiguration;
			buildSettings = {
				BUNDLE_LOADER = "$(BUILT_PRODUCTS_DIR)/Park View.app/Park View";
				FRAMEWORK_SEARCH_PATHS = (
					"\"$(SDKROOT)/Developer/Library/Frameworks\"",
					"\"$(DEVELOPER_LIBRARY_DIR)/Frameworks\"",
				);
				GCC_PRECOMPILE_PREFIX_HEADER = YES;
				GCC_PREFIX_HEADER = "Park View/Park View-Prefix.pch";
				INFOPLIST_FILE = "Park ViewTests/Park ViewTests-Info.plist";
				PRODUCT_NAME = "$(TARGET_NAME)";
				TEST_HOST = "$(BUNDLE_LOADER)";
				WRAPPER_EXTENSION = octest;
			};
			name = Release;
		};
/* End XCBuildConfiguration section */

/* Begin XCConfigurationList section */
		07866AA8165EE2B400D7BB3A /* Build configuration list for PBXProject "Park View" */ = {
			isa = XCConfigurationList;
			buildConfigurations = (
				07866AE8165EE2B400D7BB3A /* Debug */,
				07866AE9165EE2B400D7BB3A /* Release */,
			);
			defaultConfigurationIsVisible = 0;
			defaultConfigurationName = Release;
		};
		07866AEA165EE2B400D7BB3A /* Build configuration list for PBXNativeTarget "Park View" */ = {
			isa = XCConfigurationList;
			buildConfigurations = (
				07866AEB165EE2B400D7BB3A /* Debug */,
				07866AEC165EE2B400D7BB3A /* Release */,
			);
			defaultConfigurationIsVisible = 0;
			defaultConfigurationName = Release;
		};
		07866AED165EE2B400D7BB3A /* Build configuration list for PBXNativeTarget "Park ViewTests" */ = {
			isa = XCConfigurationList;
			buildConfigurations = (
				07866AEE165EE2B400D7BB3A /* Debug */,
				07866AEF165EE2B400D7BB3A /* Release */,
			);
			defaultConfigurationIsVisible = 0;
			defaultConfigurationName = Release;
		};
/* End XCConfigurationList section */
	};
	rootObject = 07866AA5165EE2B400D7BB3A /* Project object */;
}
